
Microsoft Visual Studio Solution File, Format Version 11.00
# Visual Studio 2010
Project("{FAE04EC0-301F-11D3-BF4B-00C04F79EFBC}") = "CoreDroidService", "CoreDroidService\CoreDroidService.csproj", "{5AD19B04-E187-4F30-944A-952A9F188F54}"
EndProject
Project("{FAE04EC0-301F-11D3-BF4B-00C04F79EFBC}") = "CoreDroidService.Extensions", "CoreDroidService.Extensions\CoreDroidService.Extensions.csproj", "{5FCE01C4-91BC-436F-BE0E-0779A24E48B6}"
EndProject
Project("{FAE04EC0-301F-11D3-BF4B-00C04F79EFBC}") = "CoreDroidService.Contract", "CoreDroidService.Contract\CoreDroidService.Contract.csproj", "{A9E4147B-8B99-487A-A139-80867C06D3C8}"
EndProject
Global
	GlobalSection(SolutionConfigurationPlatforms) = preSolution
		Debug|Any CPU = Debug|Any CPU
		Debug|Mixed Platforms = Debug|Mixed Platforms
		Debug|x86 = Debug|x86
		Release|Any CPU = Release|Any CPU
		Release|Mixed Platforms = Release|Mixed Platforms
		Release|x86 = Release|x86
	EndGlobalSection
	GlobalSection(ProjectConfigurationPlatforms) = postSolution
		{5AD19B04-E187-4F30-944A-952A9F188F54}.Debug|Any CPU.ActiveCfg = Debug|Any CPU
		{5AD19B04-E187-4F30-944A-952A9F188F54}.Debug|Any CPU.Build.0 = Debug|Any CPU
		{5AD19B04-E187-4F30-944A-952A9F188F54}.Debug|Mixed Platforms.ActiveCfg = Debug|Any CPU
		{5AD19B04-E187-4F30-944A-952A9F188F54}.Debug|Mixed Platforms.Build.0 = Debug|Any CPU
		{5AD19B04-E187-4F30-944A-952A9F188F54}.Debug|x86.ActiveCfg = Debug|Any CPU
		{5AD19B04-E187-4F30-944A-952A9F188F54}.Release|Any CPU.ActiveCfg = Release|Any CPU
		{5AD19B04-E187-4F30-944A-952A9F188F54}.Release|Any CPU.Build.0 = Release|Any CPU
		{5AD19B04-E187-4F30-944A-952A9F188F54}.Release|Mixed Platforms.ActiveCfg = Release|Any CPU
		{5AD19B04-E187-4F30-944A-952A9F188F54}.Release|Mixed Platforms.Build.0 = Release|Any CPU
		{5AD19B04-E187-4F30-944A-952A9F188F54}.Release|x86.ActiveCfg = Release|Any CPU
		{5FCE01C4-91BC-436F-BE0E-0779A24E48B6}.Debug|Any CPU.ActiveCfg = Debug|Any CPU
		{5FCE01C4-91BC-436F-BE0E-0779A24E48B6}.Debug|Any CPU.Build.0 = Debug|Any CPU
		{5FCE01C4-91BC-436F-BE0E-0779A24E48B6}.Debug|Mixed Platforms.ActiveCfg = Debug|Any CPU
		{5FCE01C4-91BC-436F-BE0E-0779A24E48B6}.Debug|Mixed Platforms.Build.0 = Debug|Any CPU
		{5FCE01C4-91BC-436F-BE0E-0779A24E48B6}.Debug|x86.ActiveCfg = Debug|Any CPU
		{5FCE01C4-91BC-436F-BE0E-0779A24E48B6}.Release|Any CPU.ActiveCfg = Release|Any CPU
		{5FCE01C4-91BC-436F-BE0E-0779A24E48B6}.Release|Any CPU.Build.0 = Release|Any CPU
		{5FCE01C4-91BC-436F-BE0E-0779A24E48B6}.Release|Mixed Platforms.ActiveCfg = Release|Any CPU
		{5FCE01C4-91BC-436F-BE0E-0779A24E48B6}.Release|Mixed Platforms.Build.0 = Release|Any CPU
		{5FCE01C4-91BC-436F-BE0E-0779A24E48B6}.Release|x86.ActiveCfg = Release|Any CPU
		{A9E4147B-8B99-487A-A139-80867C06D3C8}.Debug|Any CPU.ActiveCfg = Debug|Any CPU
		{A9E4147B-8B99-487A-A139-80867C06D3C8}.Debug|Any CPU.Build.0 = Debug|Any CPU
		{A9E4147B-8B99-487A-A139-80867C06D3C8}.Debug|Mixed Platforms.ActiveCfg = Debug|Any CPU
		{A9E4147B-8B99-487A-A139-80867C06D3C8}.Debug|Mixed Platforms.Build.0 = Debug|Any CPU
		{A9E4147B-8B99-487A-A139-80867C06D3C8}.Debug|x86.ActiveCfg = Debug|Any CPU
		{A9E4147B-8B99-487A-A139-80867C06D3C8}.Release|Any CPU.ActiveCfg = Release|Any CPU
		{A9E4147B-8B99-487A-A139-80867C06D3C8}.Release|Any CPU.Build.0 = Release|Any CPU
		{A9E4147B-8B99-487A-A139-80867C06D3C8}.Release|Mixed Platforms.ActiveCfg = Release|Any CPU
		{A9E4147B-8B99-487A-A139-80867C06D3C8}.Release|Mixed Platforms.Build.0 = Release|Any CPU
		{A9E4147B-8B99-487A-A139-80867C06D3C8}.Release|x86.ActiveCfg = Release|Any CPU
	EndGlobalSection
	GlobalSection(SolutionProperties) = preSolution
		HideSolutionNode = FALSE
	EndGlobalSection
EndGlobal
